
Microsoft Visual Studio Solution File, Format Version 12.00
# Visual Studio Version 16
VisualStudioVersion = 25.0.1705.4
MinimumVisualStudioVersion = 10.0.40219.1
Project("{FAE04EC0-301F-11D3-BF4B-00C04F79EFBC}") = "Training", "Training\Training.csproj", "{54E24195-1EA0-4B0C-8776-A55E90FD8110}"
EndProject
Global
	GlobalSection(SolutionConfigurationPlatforms) = preSolution
		Debug|Any CPU = Debug|Any CPU
		Release|Any CPU = Release|Any CPU
	EndGlobalSection
	GlobalSection(ProjectConfigurationPlatforms) = postSolution
		{54E24195-1EA0-4B0C-8776-A55E90FD8110}.Debug|Any CPU.ActiveCfg = Debug|Any CPU
		{54E24195-1EA0-4B0C-8776-A55E90FD8110}.Debug|Any CPU.Build.0 = Debug|Any CPU
		{54E24195-1EA0-4B0C-8776-A55E90FD8110}.Release|Any CPU.ActiveCfg = Release|Any CPU
		{54E24195-1EA0-4B0C-8776-A55E90FD8110}.Release|Any CPU.Build.0 = Release|Any CPU
	EndGlobalSection
	GlobalSection(SolutionProperties) = preSolution
		HideSolutionNode = FALSE
	EndGlobalSection
	GlobalSection(ExtensibilityGlobals) = postSolution
		SolutionGuid = {81C19A22-3C73-4A57-A41E-6772F9E728A6}
	EndGlobalSection
EndGlobal
